
Microsoft Visual Studio Solution File, Format Version 12.00
# Visual Studio Version 17
VisualStudioVersion = 17.9.34310.174
MinimumVisualStudioVersion = 10.0.40219.1
Project("{2150E333-8FDC-42A3-9474-1A3956D46DE8}") = "Solution Items", "Solution Items", "{CBF3C0C8-B0C9-4301-ADB9-BACEA2162D70}"
EndProject
Project("{9A19103F-16F7-4668-BE54-9A1E7A4F7556}") = "2", "2\2.csproj", "{2882BC97-CA05-46AF-B3BE-2BAFBBB2417A}"
EndProject
Project("{9A19103F-16F7-4668-BE54-9A1E7A4F7556}") = "1", "1\1.csproj", "{B892787A-A470-4250-B37A-C1E60BFDDDDD}"
EndProject
Project("{9A19103F-16F7-4668-BE54-9A1E7A4F7556}") = "Common", "Common\Common.csproj", "{57B6480A-3BD6-4A37-B462-A0B72202D652}"
EndProject
Project("{9A19103F-16F7-4668-BE54-9A1E7A4F7556}") = "3", "3\3.csproj", "{6DB9A189-AE33-4690-8DA8-48708426291F}"
EndProject
Project("{9A19103F-16F7-4668-BE54-9A1E7A4F7556}") = "3_Tests", "3_Tests\3_Tests.csproj", "{E22C495B-8505-410B-BEF9-263873A458F3}"
EndProject
Project("{9A19103F-16F7-4668-BE54-9A1E7A4F7556}") = "4", "4\4.csproj", "{C1ED8A7B-86A9-495A-B2FF-D4829BDAB1D4}"
EndProject
Project("{9A19103F-16F7-4668-BE54-9A1E7A4F7556}") = "5", "5\5.csproj", "{27EA9260-9BF3-40E4-994B-E6A1E6F60383}"
EndProject
Project("{FAE04EC0-301F-11D3-BF4B-00C04F79EFBC}") = "5_tests", "5_tests\5_tests.csproj", "{0C852935-4E22-4451-95B3-D0644871F2F5}"
EndProject
Project("{FAE04EC0-301F-11D3-BF4B-00C04F79EFBC}") = "6", "6\6.csproj", "{745A4BE6-95CB-489A-9104-0EE0B752EA4B}"
EndProject
Project("{FAE04EC0-301F-11D3-BF4B-00C04F79EFBC}") = "6_tests", "6_tests\6_tests.csproj", "{BA459275-90C4-4B62-B543-F36E74EFFB95}"
EndProject
Project("{FAE04EC0-301F-11D3-BF4B-00C04F79EFBC}") = "7", "7\7.csproj", "{60B30CB6-A619-407E-9874-BD5CBB1D759F}"
EndProject
Global
	GlobalSection(SolutionConfigurationPlatforms) = preSolution
		Debug|Any CPU = Debug|Any CPU
		Release|Any CPU = Release|Any CPU
	EndGlobalSection
	GlobalSection(ProjectConfigurationPlatforms) = postSolution
		{2882BC97-CA05-46AF-B3BE-2BAFBBB2417A}.Debug|Any CPU.ActiveCfg = Debug|Any CPU
		{2882BC97-CA05-46AF-B3BE-2BAFBBB2417A}.Debug|Any CPU.Build.0 = Debug|Any CPU
		{2882BC97-CA05-46AF-B3BE-2BAFBBB2417A}.Release|Any CPU.ActiveCfg = Release|Any CPU
		{2882BC97-CA05-46AF-B3BE-2BAFBBB2417A}.Release|Any CPU.Build.0 = Release|Any CPU
		{B892787A-A470-4250-B37A-C1E60BFDDDDD}.Debug|Any CPU.ActiveCfg = Debug|Any CPU
		{B892787A-A470-4250-B37A-C1E60BFDDDDD}.Debug|Any CPU.Build.0 = Debug|Any CPU
		{B892787A-A470-4250-B37A-C1E60BFDDDDD}.Release|Any CPU.ActiveCfg = Release|Any CPU
		{B892787A-A470-4250-B37A-C1E60BFDDDDD}.Release|Any CPU.Build.0 = Release|Any CPU
		{57B6480A-3BD6-4A37-B462-A0B72202D652}.Debug|Any CPU.ActiveCfg = Debug|Any CPU
		{57B6480A-3BD6-4A37-B462-A0B72202D652}.Debug|Any CPU.Build.0 = Debug|Any CPU
		{57B6480A-3BD6-4A37-B462-A0B72202D652}.Release|Any CPU.ActiveCfg = Release|Any CPU
		{57B6480A-3BD6-4A37-B462-A0B72202D652}.Release|Any CPU.Build.0 = Release|Any CPU
		{6DB9A189-AE33-4690-8DA8-48708426291F}.Debug|Any CPU.ActiveCfg = Debug|Any CPU
		{6DB9A189-AE33-4690-8DA8-48708426291F}.Debug|Any CPU.Build.0 = Debug|Any CPU
		{6DB9A189-AE33-4690-8DA8-48708426291F}.Release|Any CPU.ActiveCfg = Release|Any CPU
		{6DB9A189-AE33-4690-8DA8-48708426291F}.Release|Any CPU.Build.0 = Release|Any CPU
		{E22C495B-8505-410B-BEF9-263873A458F3}.Debug|Any CPU.ActiveCfg = Debug|Any CPU
		{E22C495B-8505-410B-BEF9-263873A458F3}.Debug|Any CPU.Build.0 = Debug|Any CPU
		{E22C495B-8505-410B-BEF9-263873A458F3}.Release|Any CPU.ActiveCfg = Release|Any CPU
		{E22C495B-8505-410B-BEF9-263873A458F3}.Release|Any CPU.Build.0 = Release|Any CPU
		{C1ED8A7B-86A9-495A-B2FF-D4829BDAB1D4}.Debug|Any CPU.ActiveCfg = Debug|Any CPU
		{C1ED8A7B-86A9-495A-B2FF-D4829BDAB1D4}.Debug|Any CPU.Build.0 = Debug|Any CPU
		{C1ED8A7B-86A9-495A-B2FF-D4829BDAB1D4}.Release|Any CPU.ActiveCfg = Release|Any CPU
		{C1ED8A7B-86A9-495A-B2FF-D4829BDAB1D4}.Release|Any CPU.Build.0 = Release|Any CPU
		{27EA9260-9BF3-40E4-994B-E6A1E6F60383}.Debug|Any CPU.ActiveCfg = Debug|Any CPU
		{27EA9260-9BF3-40E4-994B-E6A1E6F60383}.Debug|Any CPU.Build.0 = Debug|Any CPU
		{27EA9260-9BF3-40E4-994B-E6A1E6F60383}.Release|Any CPU.ActiveCfg = Release|Any CPU
		{27EA9260-9BF3-40E4-994B-E6A1E6F60383}.Release|Any CPU.Build.0 = Release|Any CPU
		{0C852935-4E22-4451-95B3-D0644871F2F5}.Debug|Any CPU.ActiveCfg = Debug|Any CPU
		{0C852935-4E22-4451-95B3-D0644871F2F5}.Debug|Any CPU.Build.0 = Debug|Any CPU
		{0C852935-4E22-4451-95B3-D0644871F2F5}.Release|Any CPU.ActiveCfg = Release|Any CPU
		{0C852935-4E22-4451-95B3-D0644871F2F5}.Release|Any CPU.Build.0 = Release|Any CPU
		{745A4BE6-95CB-489A-9104-0EE0B752EA4B}.Debug|Any CPU.ActiveCfg = Debug|Any CPU
		{745A4BE6-95CB-489A-9104-0EE0B752EA4B}.Debug|Any CPU.Build.0 = Debug|Any CPU
		{745A4BE6-95CB-489A-9104-0EE0B752EA4B}.Release|Any CPU.ActiveCfg = Release|Any CPU
		{745A4BE6-95CB-489A-9104-0EE0B752EA4B}.Release|Any CPU.Build.0 = Release|Any CPU
		{BA459275-90C4-4B62-B543-F36E74EFFB95}.Debug|Any CPU.ActiveCfg = Debug|Any CPU
		{BA459275-90C4-4B62-B543-F36E74EFFB95}.Debug|Any CPU.Build.0 = Debug|Any CPU
		{BA459275-90C4-4B62-B543-F36E74EFFB95}.Release|Any CPU.ActiveCfg = Release|Any CPU
		{BA459275-90C4-4B62-B543-F36E74EFFB95}.Release|Any CPU.Build.0 = Release|Any CPU
		{60B30CB6-A619-407E-9874-BD5CBB1D759F}.Debug|Any CPU.ActiveCfg = Debug|Any CPU
		{60B30CB6-A619-407E-9874-BD5CBB1D759F}.Debug|Any CPU.Build.0 = Debug|Any CPU
		{60B30CB6-A619-407E-9874-BD5CBB1D759F}.Release|Any CPU.ActiveCfg = Release|Any CPU
		{60B30CB6-A619-407E-9874-BD5CBB1D759F}.Release|Any CPU.Build.0 = Release|Any CPU
	EndGlobalSection
	GlobalSection(SolutionProperties) = preSolution
		HideSolutionNode = FALSE
	EndGlobalSection
	GlobalSection(ExtensibilityGlobals) = postSolution
		SolutionGuid = {A0E61764-8F66-48A6-BD8D-1FC67833E5F5}
	EndGlobalSection
EndGlobal
